
Microsoft Visual Studio Solution File, Format Version 11.00
# Visual Studio 2010
Project("{FAE04EC0-301F-11D3-BF4B-00C04F79EFBC}") = "TestVR-1.100.1", "Assembly-CSharp.csproj", "{65058680-A55B-5BCC-13AF-19E5E62F02D2}"
EndProject
Project("{FAE04EC0-301F-11D3-BF4B-00C04F79EFBC}") = "TestVR-1.100.1", "Assembly-CSharp-Editor.csproj", "{5CA565B5-D593-C28C-2AA0-06E6EC1A08A7}"
EndProject
Global
	GlobalSection(SolutionConfigurationPlatforms) = preSolution
		Debug|Any CPU = Debug|Any CPU
		Release|Any CPU = Release|Any CPU
	EndGlobalSection
	GlobalSection(ProjectConfigurationPlatforms) = postSolution
		{65058680-A55B-5BCC-13AF-19E5E62F02D2}.Debug|Any CPU.ActiveCfg = Debug|Any CPU
		{65058680-A55B-5BCC-13AF-19E5E62F02D2}.Debug|Any CPU.Build.0 = Debug|Any CPU
		{65058680-A55B-5BCC-13AF-19E5E62F02D2}.Release|Any CPU.ActiveCfg = Release|Any CPU
		{65058680-A55B-5BCC-13AF-19E5E62F02D2}.Release|Any CPU.Build.0 = Release|Any CPU
		{5CA565B5-D593-C28C-2AA0-06E6EC1A08A7}.Debug|Any CPU.ActiveCfg = Debug|Any CPU
		{5CA565B5-D593-C28C-2AA0-06E6EC1A08A7}.Debug|Any CPU.Build.0 = Debug|Any CPU
		{5CA565B5-D593-C28C-2AA0-06E6EC1A08A7}.Release|Any CPU.ActiveCfg = Release|Any CPU
		{5CA565B5-D593-C28C-2AA0-06E6EC1A08A7}.Release|Any CPU.Build.0 = Release|Any CPU
	EndGlobalSection
	GlobalSection(SolutionProperties) = preSolution
		HideSolutionNode = FALSE
	EndGlobalSection
	GlobalSection(MonoDevelopProperties) = preSolution
		StartupItem = Assembly-CSharp.csproj
	EndGlobalSection
EndGlobal
